
Microsoft Visual Studio Solution File, Format Version 12.00
# Visual Studio Version 16
VisualStudioVersion = 16.0.28803.352
MinimumVisualStudioVersion = 10.0.40219.1
Project("{FAE04EC0-301F-11D3-BF4B-00C04F79EFBC}") = "RekenmachineForm", "RekenmachineForm\RekenmachineForm.csproj", "{C92641BF-DAB7-407E-B23C-A65ECF8EBE7F}"
EndProject
Project("{FAE04EC0-301F-11D3-BF4B-00C04F79EFBC}") = "RekenamchineLogica", "..\RekenamchineLogica\RekenamchineLogica.csproj", "{B40FADB5-672D-4B81-89F7-013A123153B2}"
EndProject
Global
	GlobalSection(SolutionConfigurationPlatforms) = preSolution
		Debug|Any CPU = Debug|Any CPU
		Release|Any CPU = Release|Any CPU
	EndGlobalSection
	GlobalSection(ProjectConfigurationPlatforms) = postSolution
		{C92641BF-DAB7-407E-B23C-A65ECF8EBE7F}.Debug|Any CPU.ActiveCfg = Debug|Any CPU
		{C92641BF-DAB7-407E-B23C-A65ECF8EBE7F}.Debug|Any CPU.Build.0 = Debug|Any CPU
		{C92641BF-DAB7-407E-B23C-A65ECF8EBE7F}.Release|Any CPU.ActiveCfg = Release|Any CPU
		{C92641BF-DAB7-407E-B23C-A65ECF8EBE7F}.Release|Any CPU.Build.0 = Release|Any CPU
		{B40FADB5-672D-4B81-89F7-013A123153B2}.Debug|Any CPU.ActiveCfg = Debug|Any CPU
		{B40FADB5-672D-4B81-89F7-013A123153B2}.Debug|Any CPU.Build.0 = Debug|Any CPU
		{B40FADB5-672D-4B81-89F7-013A123153B2}.Release|Any CPU.ActiveCfg = Release|Any CPU
		{B40FADB5-672D-4B81-89F7-013A123153B2}.Release|Any CPU.Build.0 = Release|Any CPU
	EndGlobalSection
	GlobalSection(SolutionProperties) = preSolution
		HideSolutionNode = FALSE
	EndGlobalSection
	GlobalSection(ExtensibilityGlobals) = postSolution
		SolutionGuid = {61BEA822-2302-441E-96DD-6E0A1DC586D7}
	EndGlobalSection
EndGlobal
